
Microsoft Visual Studio Solution File, Format Version 12.00
# Visual Studio Version 16
VisualStudioVersion = 16.0.32901.82
MinimumVisualStudioVersion = 10.0.40219.1
Project("{FAE04EC0-301F-11D3-BF4B-00C04F79EFBC}") = "DuongNguyenSongPhi_2011062999", "DuongNguyenSongPhi_2011062999\DuongNguyenSongPhi_2011062999.csproj", "{360D8371-EE54-40CD-AC39-29A96C9D56FB}"
EndProject
Global
	GlobalSection(SolutionConfigurationPlatforms) = preSolution
		Debug|Any CPU = Debug|Any CPU
		Release|Any CPU = Release|Any CPU
	EndGlobalSection
	GlobalSection(ProjectConfigurationPlatforms) = postSolution
		{360D8371-EE54-40CD-AC39-29A96C9D56FB}.Debug|Any CPU.ActiveCfg = Debug|Any CPU
		{360D8371-EE54-40CD-AC39-29A96C9D56FB}.Debug|Any CPU.Build.0 = Debug|Any CPU
		{360D8371-EE54-40CD-AC39-29A96C9D56FB}.Release|Any CPU.ActiveCfg = Release|Any CPU
		{360D8371-EE54-40CD-AC39-29A96C9D56FB}.Release|Any CPU.Build.0 = Release|Any CPU
	EndGlobalSection
	GlobalSection(SolutionProperties) = preSolution
		HideSolutionNode = FALSE
	EndGlobalSection
	GlobalSection(ExtensibilityGlobals) = postSolution
		SolutionGuid = {B46EBC3B-D5F7-4A59-9952-86B76CE7FE57}
	EndGlobalSection
EndGlobal
